
Microsoft Visual Studio Solution File, Format Version 12.00
# Visual Studio Version 17
VisualStudioVersion = 17.3.32825.248
MinimumVisualStudioVersion = 10.0.40219.1
Project("{9A19103F-16F7-4668-BE54-9A1E7A4F7556}") = "Api", "App\Api\Api.csproj", "{D235D323-7322-4713-B931-6B994BB31090}"
EndProject
Project("{9A19103F-16F7-4668-BE54-9A1E7A4F7556}") = "Application", "App\Application\Application.csproj", "{126707FA-5E09-42A9-9C57-5313E19EBB22}"
EndProject
Project("{9A19103F-16F7-4668-BE54-9A1E7A4F7556}") = "Infrastructure", "App\Infrastructure\Infrastructure.csproj", "{E27EE51C-6416-48FF-9A7A-3804DE749EAC}"
EndProject
Project("{9A19103F-16F7-4668-BE54-9A1E7A4F7556}") = "Model", "App\Model\Model.csproj", "{5FC0EC76-98FD-4ECB-9F9E-906CBCC30DAA}"
EndProject
Project("{9A19103F-16F7-4668-BE54-9A1E7A4F7556}") = "Persistence", "App\Persistence\Persistence.csproj", "{648D78B2-F303-4DA5-BA73-EF890270A01F}"
EndProject
Project("{9A19103F-16F7-4668-BE54-9A1E7A4F7556}") = "Application.UnitTests", "Tests\Application.UnitTests\Application.UnitTests.csproj", "{AE0C3467-9A06-48CE-8D7A-965C2D9E4A6E}"
EndProject
Project("{FAE04EC0-301F-11D3-BF4B-00C04F79EFBC}") = "Infrastructure.UnitTests", "Infrastructure.UnitTests\Infrastructure.UnitTests.csproj", "{93646E24-40CA-47B8-BA0A-80D4A7339411}"
EndProject
Project("{2150E333-8FDC-42A3-9474-1A3956D46DE8}") = "Tests", "Tests", "{354DFA8F-44C9-4AB3-938E-6CC10F4D8E88}"
EndProject
Global
	GlobalSection(SolutionConfigurationPlatforms) = preSolution
		Debug|Any CPU = Debug|Any CPU
		Release|Any CPU = Release|Any CPU
	EndGlobalSection
	GlobalSection(ProjectConfigurationPlatforms) = postSolution
		{D235D323-7322-4713-B931-6B994BB31090}.Debug|Any CPU.ActiveCfg = Debug|Any CPU
		{D235D323-7322-4713-B931-6B994BB31090}.Debug|Any CPU.Build.0 = Debug|Any CPU
		{D235D323-7322-4713-B931-6B994BB31090}.Release|Any CPU.ActiveCfg = Release|Any CPU
		{D235D323-7322-4713-B931-6B994BB31090}.Release|Any CPU.Build.0 = Release|Any CPU
		{126707FA-5E09-42A9-9C57-5313E19EBB22}.Debug|Any CPU.ActiveCfg = Debug|Any CPU
		{126707FA-5E09-42A9-9C57-5313E19EBB22}.Debug|Any CPU.Build.0 = Debug|Any CPU
		{126707FA-5E09-42A9-9C57-5313E19EBB22}.Release|Any CPU.ActiveCfg = Release|Any CPU
		{126707FA-5E09-42A9-9C57-5313E19EBB22}.Release|Any CPU.Build.0 = Release|Any CPU
		{E27EE51C-6416-48FF-9A7A-3804DE749EAC}.Debug|Any CPU.ActiveCfg = Debug|Any CPU
		{E27EE51C-6416-48FF-9A7A-3804DE749EAC}.Debug|Any CPU.Build.0 = Debug|Any CPU
		{E27EE51C-6416-48FF-9A7A-3804DE749EAC}.Release|Any CPU.ActiveCfg = Release|Any CPU
		{E27EE51C-6416-48FF-9A7A-3804DE749EAC}.Release|Any CPU.Build.0 = Release|Any CPU
		{5FC0EC76-98FD-4ECB-9F9E-906CBCC30DAA}.Debug|Any CPU.ActiveCfg = Debug|Any CPU
		{5FC0EC76-98FD-4ECB-9F9E-906CBCC30DAA}.Debug|Any CPU.Build.0 = Debug|Any CPU
		{5FC0EC76-98FD-4ECB-9F9E-906CBCC30DAA}.Release|Any CPU.ActiveCfg = Release|Any CPU
		{5FC0EC76-98FD-4ECB-9F9E-906CBCC30DAA}.Release|Any CPU.Build.0 = Release|Any CPU
		{648D78B2-F303-4DA5-BA73-EF890270A01F}.Debug|Any CPU.ActiveCfg = Debug|Any CPU
		{648D78B2-F303-4DA5-BA73-EF890270A01F}.Debug|Any CPU.Build.0 = Debug|Any CPU
		{648D78B2-F303-4DA5-BA73-EF890270A01F}.Release|Any CPU.ActiveCfg = Release|Any CPU
		{648D78B2-F303-4DA5-BA73-EF890270A01F}.Release|Any CPU.Build.0 = Release|Any CPU
		{AE0C3467-9A06-48CE-8D7A-965C2D9E4A6E}.Debug|Any CPU.ActiveCfg = Debug|Any CPU
		{AE0C3467-9A06-48CE-8D7A-965C2D9E4A6E}.Debug|Any CPU.Build.0 = Debug|Any CPU
		{AE0C3467-9A06-48CE-8D7A-965C2D9E4A6E}.Release|Any CPU.ActiveCfg = Release|Any CPU
		{AE0C3467-9A06-48CE-8D7A-965C2D9E4A6E}.Release|Any CPU.Build.0 = Release|Any CPU
		{93646E24-40CA-47B8-BA0A-80D4A7339411}.Debug|Any CPU.ActiveCfg = Debug|Any CPU
		{93646E24-40CA-47B8-BA0A-80D4A7339411}.Debug|Any CPU.Build.0 = Debug|Any CPU
		{93646E24-40CA-47B8-BA0A-80D4A7339411}.Release|Any CPU.ActiveCfg = Release|Any CPU
		{93646E24-40CA-47B8-BA0A-80D4A7339411}.Release|Any CPU.Build.0 = Release|Any CPU
	EndGlobalSection
	GlobalSection(SolutionProperties) = preSolution
		HideSolutionNode = FALSE
	EndGlobalSection
	GlobalSection(NestedProjects) = preSolution
		{AE0C3467-9A06-48CE-8D7A-965C2D9E4A6E} = {354DFA8F-44C9-4AB3-938E-6CC10F4D8E88}
		{93646E24-40CA-47B8-BA0A-80D4A7339411} = {354DFA8F-44C9-4AB3-938E-6CC10F4D8E88}
	EndGlobalSection
	GlobalSection(ExtensibilityGlobals) = postSolution
		SolutionGuid = {23B59934-7CD2-451F-A714-F3AFD7C97ABA}
	EndGlobalSection
EndGlobal
